{
    "_readme": [
        "This file locks the dependencies of your project to a known state",
        "Read more about it at https://getcomposer.org/doc/01-basic-usage.md#installing-dependencies",
        "This file is @generated automatically"
    ],
    "content-hash": "08a8f8b32965cbf4dba7c3066a2bab1a",
    "packages": [
        {
            "name": "env/dotenv",
            "version": "v1.0.0.0",
            "source": {
                "type": "git",
                "url": "https://github.com/sabroan/php-dotenv.git",
                "reference": "fb88eb9363dd92f2e0193ac4b30778d2c4df89d0"
            },
            "dist": {
                "type": "zip",
                "url": "https://api.github.com/repos/sabroan/php-dotenv/zipball/fb88eb9363dd92f2e0193ac4b30778d2c4df89d0",
                "reference": "fb88eb9363dd92f2e0193ac4b30778d2c4df89d0",
                "shasum": ""
            },
            "require": {
                "php": "^8"
            },
            "type": "library",
            "autoload": {
                "psr-4": {
                    "Env\\": "./src"
                }
            },
            "notification-url": "https://packagist.org/downloads/",
            "license": [
                "MIT"
            ],
            "description": "A simple and lightweight PHP .env loader.",
            "keywords": [
                "dotenv",
                "env",
                "environment"
            ],
            "support": {
                "issues": "https://github.com/sabroan/php-dotenv/issues",
                "source": "https://github.com/sabroan/php-dotenv/tree/1.0"
            },
            "time": "2021-08-29T13:52:55+00:00"
        }
    ],
    "packages-dev": [],
    "aliases": [],
    "minimum-stability": "stable",
    "stability-flags": [],
    "prefer-stable": false,
    "prefer-lowest": false,
    "platform": [],
    "platform-dev": [],
    "plugin-api-version": "2.3.0"
}
